
Microsoft Visual Studio Solution File, Format Version 12.00
# Visual Studio Version 17
VisualStudioVersion = 17.6.33723.286
MinimumVisualStudioVersion = 10.0.40219.1
Project("{FAE04EC0-301F-11D3-BF4B-00C04F79EFBC}") = "KeyMaker", "KeyMaker\KeyMaker.csproj", "{E36BC8B4-6B61-40D2-AA45-7C2244D8E593}"
EndProject
Global
	GlobalSection(SolutionConfigurationPlatforms) = preSolution
		Debug|Any CPU = Debug|Any CPU
		Release|Any CPU = Release|Any CPU
	EndGlobalSection
	GlobalSection(ProjectConfigurationPlatforms) = postSolution
		{E36BC8B4-6B61-40D2-AA45-7C2244D8E593}.Debug|Any CPU.ActiveCfg = Debug|Any CPU
		{E36BC8B4-6B61-40D2-AA45-7C2244D8E593}.Debug|Any CPU.Build.0 = Debug|Any CPU
		{E36BC8B4-6B61-40D2-AA45-7C2244D8E593}.Release|Any CPU.ActiveCfg = Release|Any CPU
		{E36BC8B4-6B61-40D2-AA45-7C2244D8E593}.Release|Any CPU.Build.0 = Release|Any CPU
	EndGlobalSection
	GlobalSection(SolutionProperties) = preSolution
		HideSolutionNode = FALSE
	EndGlobalSection
	GlobalSection(ExtensibilityGlobals) = postSolution
		SolutionGuid = {80D132C1-D483-404A-9429-01ADC6B35B8B}
	EndGlobalSection
EndGlobal
